
Microsoft Visual Studio Solution File, Format Version 12.00
# Visual Studio Version 17
VisualStudioVersion = 17.5.33424.131
MinimumVisualStudioVersion = 10.0.40219.1
Project("{2150E333-8FDC-42A3-9474-1A3956D46DE8}") = "src", "src", "{AF8CD1C1-F6F5-4E8F-AC20-6FC84B448426}"
EndProject
Project("{2150E333-8FDC-42A3-9474-1A3956D46DE8}") = "test", "test", "{2078EA3B-89E6-4ED5-B95B-3DAB4EA7203F}"
EndProject
Project("{9A19103F-16F7-4668-BE54-9A1E7A4F7556}") = "Zero.Core", "src\Zero.Core\Zero.Core.csproj", "{248BDCDA-5F8D-4948-8E23-4821D1372D54}"
EndProject
Project("{9A19103F-16F7-4668-BE54-9A1E7A4F7556}") = "Zero.TestBase", "src\Zero.TestBase\Zero.TestBase.csproj", "{75385820-E146-4679-87A5-8FF96DB8A9CC}"
EndProject
Project("{9A19103F-16F7-4668-BE54-9A1E7A4F7556}") = "Zero.Core.Tests", "test\Zero.Core.Tests\Zero.Core.Tests.csproj", "{D2EBBA3F-A466-44AE-B55E-C02B28DE4AD7}"
EndProject
Project("{9A19103F-16F7-4668-BE54-9A1E7A4F7556}") = "Zero.MongoDB", "src\Zero.MongoDB\Zero.MongoDB.csproj", "{02640B45-1A4E-4C6C-B6AD-41127B64E039}"
EndProject
Project("{9A19103F-16F7-4668-BE54-9A1E7A4F7556}") = "Zero.Ddd.Domain", "src\Zero.Ddd.Domain\Zero.Ddd.Domain.csproj", "{95A571B5-50CA-42E4-9D12-0156509B41B1}"
EndProject
Project("{9A19103F-16F7-4668-BE54-9A1E7A4F7556}") = "Zero.Data", "src\Zero.Data\Zero.Data.csproj", "{78D883D3-61EB-4620-89F4-0405883AFA1A}"
EndProject
Project("{9A19103F-16F7-4668-BE54-9A1E7A4F7556}") = "Zero.MongoDBTests", "test\Zero.MongoDBTests\Zero.MongoDBTests.csproj", "{0A5D6C8C-AB23-44DA-8A49-008B56D8AB18}"
EndProject
Project("{9A19103F-16F7-4668-BE54-9A1E7A4F7556}") = "Zero.TestApp", "test\Zero.TestApp\Zero.TestApp.csproj", "{BF21EDE5-75C9-4250-82AA-35CC5EF355A4}"
EndProject
Project("{9A19103F-16F7-4668-BE54-9A1E7A4F7556}") = "Zero.InfluxDB", "src\Zero.InfluxDB\Zero.InfluxDB.csproj", "{E73EDA60-AD53-4593-B44A-2D7FDFCFFA2D}"
EndProject
Project("{9A19103F-16F7-4668-BE54-9A1E7A4F7556}") = "Zero.InfluxDBTests", "test\Zero.InfluxDBTests\Zero.InfluxDBTests.csproj", "{6ED2BC8F-6E02-4186-BDE6-F7ADCC834CFD}"
EndProject
Global
	GlobalSection(SolutionConfigurationPlatforms) = preSolution
		Debug|Any CPU = Debug|Any CPU
		Release|Any CPU = Release|Any CPU
	EndGlobalSection
	GlobalSection(ProjectConfigurationPlatforms) = postSolution
		{248BDCDA-5F8D-4948-8E23-4821D1372D54}.Debug|Any CPU.ActiveCfg = Debug|Any CPU
		{248BDCDA-5F8D-4948-8E23-4821D1372D54}.Debug|Any CPU.Build.0 = Debug|Any CPU
		{248BDCDA-5F8D-4948-8E23-4821D1372D54}.Release|Any CPU.ActiveCfg = Release|Any CPU
		{248BDCDA-5F8D-4948-8E23-4821D1372D54}.Release|Any CPU.Build.0 = Release|Any CPU
		{75385820-E146-4679-87A5-8FF96DB8A9CC}.Debug|Any CPU.ActiveCfg = Debug|Any CPU
		{75385820-E146-4679-87A5-8FF96DB8A9CC}.Debug|Any CPU.Build.0 = Debug|Any CPU
		{75385820-E146-4679-87A5-8FF96DB8A9CC}.Release|Any CPU.ActiveCfg = Release|Any CPU
		{75385820-E146-4679-87A5-8FF96DB8A9CC}.Release|Any CPU.Build.0 = Release|Any CPU
		{D2EBBA3F-A466-44AE-B55E-C02B28DE4AD7}.Debug|Any CPU.ActiveCfg = Debug|Any CPU
		{D2EBBA3F-A466-44AE-B55E-C02B28DE4AD7}.Debug|Any CPU.Build.0 = Debug|Any CPU
		{D2EBBA3F-A466-44AE-B55E-C02B28DE4AD7}.Release|Any CPU.ActiveCfg = Release|Any CPU
		{D2EBBA3F-A466-44AE-B55E-C02B28DE4AD7}.Release|Any CPU.Build.0 = Release|Any CPU
		{02640B45-1A4E-4C6C-B6AD-41127B64E039}.Debug|Any CPU.ActiveCfg = Debug|Any CPU
		{02640B45-1A4E-4C6C-B6AD-41127B64E039}.Debug|Any CPU.Build.0 = Debug|Any CPU
		{02640B45-1A4E-4C6C-B6AD-41127B64E039}.Release|Any CPU.ActiveCfg = Release|Any CPU
		{02640B45-1A4E-4C6C-B6AD-41127B64E039}.Release|Any CPU.Build.0 = Release|Any CPU
		{95A571B5-50CA-42E4-9D12-0156509B41B1}.Debug|Any CPU.ActiveCfg = Debug|Any CPU
		{95A571B5-50CA-42E4-9D12-0156509B41B1}.Debug|Any CPU.Build.0 = Debug|Any CPU
		{95A571B5-50CA-42E4-9D12-0156509B41B1}.Release|Any CPU.ActiveCfg = Release|Any CPU
		{95A571B5-50CA-42E4-9D12-0156509B41B1}.Release|Any CPU.Build.0 = Release|Any CPU
		{78D883D3-61EB-4620-89F4-0405883AFA1A}.Debug|Any CPU.ActiveCfg = Debug|Any CPU
		{78D883D3-61EB-4620-89F4-0405883AFA1A}.Debug|Any CPU.Build.0 = Debug|Any CPU
		{78D883D3-61EB-4620-89F4-0405883AFA1A}.Release|Any CPU.ActiveCfg = Release|Any CPU
		{78D883D3-61EB-4620-89F4-0405883AFA1A}.Release|Any CPU.Build.0 = Release|Any CPU
		{0A5D6C8C-AB23-44DA-8A49-008B56D8AB18}.Debug|Any CPU.ActiveCfg = Debug|Any CPU
		{0A5D6C8C-AB23-44DA-8A49-008B56D8AB18}.Debug|Any CPU.Build.0 = Debug|Any CPU
		{0A5D6C8C-AB23-44DA-8A49-008B56D8AB18}.Release|Any CPU.ActiveCfg = Release|Any CPU
		{0A5D6C8C-AB23-44DA-8A49-008B56D8AB18}.Release|Any CPU.Build.0 = Release|Any CPU
		{BF21EDE5-75C9-4250-82AA-35CC5EF355A4}.Debug|Any CPU.ActiveCfg = Debug|Any CPU
		{BF21EDE5-75C9-4250-82AA-35CC5EF355A4}.Debug|Any CPU.Build.0 = Debug|Any CPU
		{BF21EDE5-75C9-4250-82AA-35CC5EF355A4}.Release|Any CPU.ActiveCfg = Release|Any CPU
		{BF21EDE5-75C9-4250-82AA-35CC5EF355A4}.Release|Any CPU.Build.0 = Release|Any CPU
		{E73EDA60-AD53-4593-B44A-2D7FDFCFFA2D}.Debug|Any CPU.ActiveCfg = Debug|Any CPU
		{E73EDA60-AD53-4593-B44A-2D7FDFCFFA2D}.Debug|Any CPU.Build.0 = Debug|Any CPU
		{E73EDA60-AD53-4593-B44A-2D7FDFCFFA2D}.Release|Any CPU.ActiveCfg = Release|Any CPU
		{E73EDA60-AD53-4593-B44A-2D7FDFCFFA2D}.Release|Any CPU.Build.0 = Release|Any CPU
		{6ED2BC8F-6E02-4186-BDE6-F7ADCC834CFD}.Debug|Any CPU.ActiveCfg = Debug|Any CPU
		{6ED2BC8F-6E02-4186-BDE6-F7ADCC834CFD}.Debug|Any CPU.Build.0 = Debug|Any CPU
		{6ED2BC8F-6E02-4186-BDE6-F7ADCC834CFD}.Release|Any CPU.ActiveCfg = Release|Any CPU
		{6ED2BC8F-6E02-4186-BDE6-F7ADCC834CFD}.Release|Any CPU.Build.0 = Release|Any CPU
	EndGlobalSection
	GlobalSection(SolutionProperties) = preSolution
		HideSolutionNode = FALSE
	EndGlobalSection
	GlobalSection(NestedProjects) = preSolution
		{248BDCDA-5F8D-4948-8E23-4821D1372D54} = {AF8CD1C1-F6F5-4E8F-AC20-6FC84B448426}
		{75385820-E146-4679-87A5-8FF96DB8A9CC} = {AF8CD1C1-F6F5-4E8F-AC20-6FC84B448426}
		{D2EBBA3F-A466-44AE-B55E-C02B28DE4AD7} = {2078EA3B-89E6-4ED5-B95B-3DAB4EA7203F}
		{02640B45-1A4E-4C6C-B6AD-41127B64E039} = {AF8CD1C1-F6F5-4E8F-AC20-6FC84B448426}
		{95A571B5-50CA-42E4-9D12-0156509B41B1} = {AF8CD1C1-F6F5-4E8F-AC20-6FC84B448426}
		{78D883D3-61EB-4620-89F4-0405883AFA1A} = {AF8CD1C1-F6F5-4E8F-AC20-6FC84B448426}
		{0A5D6C8C-AB23-44DA-8A49-008B56D8AB18} = {2078EA3B-89E6-4ED5-B95B-3DAB4EA7203F}
		{BF21EDE5-75C9-4250-82AA-35CC5EF355A4} = {2078EA3B-89E6-4ED5-B95B-3DAB4EA7203F}
		{E73EDA60-AD53-4593-B44A-2D7FDFCFFA2D} = {AF8CD1C1-F6F5-4E8F-AC20-6FC84B448426}
		{6ED2BC8F-6E02-4186-BDE6-F7ADCC834CFD} = {2078EA3B-89E6-4ED5-B95B-3DAB4EA7203F}
	EndGlobalSection
	GlobalSection(ExtensibilityGlobals) = postSolution
		SolutionGuid = {D46E51FF-9C3F-41A9-BB4E-80E0DDF91104}
	EndGlobalSection
EndGlobal
